
Microsoft Visual Studio Solution File, Format Version 12.00
# Visual Studio Version 17
VisualStudioVersion = 17.7.34202.233
MinimumVisualStudioVersion = 10.0.40219.1
Project("{8BC9CEB8-8B4A-11D0-8D11-00A0C91BC942}") = "Chapter2", "Chapter2\Chapter2.vcxproj", "{9D437484-7930-4BC5-B884-2EB660AD784C}"
EndProject
Global
	GlobalSection(SolutionConfigurationPlatforms) = preSolution
		Debug|x64 = Debug|x64
		Debug|x86 = Debug|x86
		Release|x64 = Release|x64
		Release|x86 = Release|x86
	EndGlobalSection
	GlobalSection(ProjectConfigurationPlatforms) = postSolution
		{9D437484-7930-4BC5-B884-2EB660AD784C}.Debug|x64.ActiveCfg = Debug|x64
		{9D437484-7930-4BC5-B884-2EB660AD784C}.Debug|x64.Build.0 = Debug|x64
		{9D437484-7930-4BC5-B884-2EB660AD784C}.Debug|x86.ActiveCfg = Debug|Win32
		{9D437484-7930-4BC5-B884-2EB660AD784C}.Debug|x86.Build.0 = Debug|Win32
		{9D437484-7930-4BC5-B884-2EB660AD784C}.Release|x64.ActiveCfg = Release|x64
		{9D437484-7930-4BC5-B884-2EB660AD784C}.Release|x64.Build.0 = Release|x64
		{9D437484-7930-4BC5-B884-2EB660AD784C}.Release|x86.ActiveCfg = Release|Win32
		{9D437484-7930-4BC5-B884-2EB660AD784C}.Release|x86.Build.0 = Release|Win32
	EndGlobalSection
	GlobalSection(SolutionProperties) = preSolution
		HideSolutionNode = FALSE
	EndGlobalSection
	GlobalSection(ExtensibilityGlobals) = postSolution
		SolutionGuid = {192A8534-5D05-4F01-AF22-8EA94F5BF5D9}
	EndGlobalSection
EndGlobal
